// !$*UTF8*$!
{
	archiveVersion = 1;
	classes = {
	};
	objectVersion = 56;
	objects = {

/* Begin PBXBuildFile section */
		18CFABCA2B11D1440008341B /* AppDelegate.swift in Sources */ = {isa = PBXBuildFile; fileRef = 18CFABC92B11D1440008341B /* AppDelegate.swift */; };
		18CFABCC2B11D1440008341B /* SceneDelegate.swift in Sources */ = {isa = PBXBuildFile; fileRef = 18CFABCB2B11D1440008341B /* SceneDelegate.swift */; };
		18CFABCE2B11D1440008341B /* ViewController.swift in Sources */ = {isa = PBXBuildFile; fileRef = 18CFABCD2B11D1440008341B /* ViewController.swift */; };
		18CFABD12B11D1440008341B /* Main.storyboard in Resources */ = {isa = PBXBuildFile; fileRef = 18CFABCF2B11D1440008341B /* Main.storyboard */; };
		18CFABD42B11D1440008341B /* NewsAppByAnand.xcdatamodeld in Sources */ = {isa = PBXBuildFile; fileRef = 18CFABD22B11D1440008341B /* NewsAppByAnand.xcdatamodeld */; };
		18CFABD62B11D1460008341B /* Assets.xcassets in Resources */ = {isa = PBXBuildFile; fileRef = 18CFABD52B11D1460008341B /* Assets.xcassets */; };
		18CFABD92B11D1460008341B /* LaunchScreen.storyboard in Resources */ = {isa = PBXBuildFile; fileRef = 18CFABD72B11D1460008341B /* LaunchScreen.storyboard */; };
		18CFABE42B11D1460008341B /* NewsAppByAnandTests.swift in Sources */ = {isa = PBXBuildFile; fileRef = 18CFABE32B11D1460008341B /* NewsAppByAnandTests.swift */; };
		18CFABEE2B11D1460008341B /* NewsAppByAnandUITests.swift in Sources */ = {isa = PBXBuildFile; fileRef = 18CFABED2B11D1460008341B /* NewsAppByAnandUITests.swift */; };
		18CFABF02B11D1460008341B /* NewsAppByAnandUITestsLaunchTests.swift in Sources */ = {isa = PBXBuildFile; fileRef = 18CFABEF2B11D1460008341B /* NewsAppByAnandUITestsLaunchTests.swift */; };
		18CFABFE2B11D1710008341B /* NewsModel.swift in Sources */ = {isa = PBXBuildFile; fileRef = 18CFABFD2B11D1710008341B /* NewsModel.swift */; };
		18CFAC012B11D21B0008341B /* NewsViewModel.swift in Sources */ = {isa = PBXBuildFile; fileRef = 18CFAC002B11D21B0008341B /* NewsViewModel.swift */; };
		18CFAC052B11DC870008341B /* NewsTableViewCell.swift in Sources */ = {isa = PBXBuildFile; fileRef = 18CFAC032B11DC870008341B /* NewsTableViewCell.swift */; };
		18CFAC062B11DC870008341B /* NewsTableViewCell.xib in Resources */ = {isa = PBXBuildFile; fileRef = 18CFAC042B11DC870008341B /* NewsTableViewCell.xib */; };
		18CFAC082B11F6FD0008341B /* LocaNewslDataViewModel.swift in Sources */ = {isa = PBXBuildFile; fileRef = 18CFAC072B11F6FD0008341B /* LocaNewslDataViewModel.swift */; };
		18CFAC0B2B11F75A0008341B /* Support Files.swift in Sources */ = {isa = PBXBuildFile; fileRef = 18CFAC0A2B11F75A0008341B /* Support Files.swift */; };
		18CFAC0E2B11FDAC0008341B /* NewsDetailsViewController.swift in Sources */ = {isa = PBXBuildFile; fileRef = 18CFAC0D2B11FDAC0008341B /* NewsDetailsViewController.swift */; };
		2643D0AB8A818CB0FF4AC7F1 /* Pods_NewsAppByAnand_NewsAppByAnandUITests.framework in Frameworks */ = {isa = PBXBuildFile; fileRef = 352F4A920BB1EF95A46B944C /* Pods_NewsAppByAnand_NewsAppByAnandUITests.framework */; };
		4CEE95496D09F68F1A8A0D81 /* Pods_NewsAppByAnand.framework in Frameworks */ = {isa = PBXBuildFile; fileRef = 88DB0D751B052805F1FB75E7 /* Pods_NewsAppByAnand.framework */; };
		5DDA4F5BAD028D1A8EA5A18A /* Pods_NewsAppByAnandTests.framework in Frameworks */ = {isa = PBXBuildFile; fileRef = E65F245BDB52412C599BD4E9 /* Pods_NewsAppByAnandTests.framework */; };
/* End PBXBuildFile section */

/* Begin PBXContainerItemProxy section */
		18CFABE02B11D1460008341B /* PBXContainerItemProxy */ = {
			isa = PBXContainerItemProxy;
			containerPortal = 18CFABBE2B11D1440008341B /* Project object */;
			proxyType = 1;
			remoteGlobalIDString = 18CFABC52B11D1440008341B;
			remoteInfo = NewsAppByAnand;
		};
		18CFABEA2B11D1460008341B /* PBXContainerItemProxy */ = {
			isa = PBXContainerItemProxy;
			containerPortal = 18CFABBE2B11D1440008341B /* Project object */;
			proxyType = 1;
			remoteGlobalIDString = 18CFABC52B11D1440008341B;
			remoteInfo = NewsAppByAnand;
		};
/* End PBXContainerItemProxy section */

/* Begin PBXFileReference section */
		183C855AF73603CB9B8631D1 /* Pods-NewsAppByAnand.release.xcconfig */ = {isa = PBXFileReference; includeInIndex = 1; lastKnownFileType = text.xcconfig; name = "Pods-NewsAppByAnand.release.xcconfig"; path = "Target Support Files/Pods-NewsAppByAnand/Pods-NewsAppByAnand.release.xcconfig"; sourceTree = "<group>"; };
		18CFABC62B11D1440008341B /* NewsAppByAnand.app */ = {isa = PBXFileReference; explicitFileType = wrapper.application; includeInIndex = 0; path = NewsAppByAnand.app; sourceTree = BUILT_PRODUCTS_DIR; };
		18CFABC92B11D1440008341B /* AppDelegate.swift */ = {isa = PBXFileReference; lastKnownFileType = sourcecode.swift; path = AppDelegate.swift; sourceTree = "<group>"; };
		18CFABCB2B11D1440008341B /* SceneDelegate.swift */ = {isa = PBXFileReference; lastKnownFileType = sourcecode.swift; path = SceneDelegate.swift; sourceTree = "<group>"; };
		18CFABCD2B11D1440008341B /* ViewController.swift */ = {isa = PBXFileReference; lastKnownFileType = sourcecode.swift; path = ViewController.swift; sourceTree = "<group>"; };
		18CFABD02B11D1440008341B /* Base */ = {isa = PBXFileReference; lastKnownFileType = file.storyboard; name = Base; path = Base.lproj/Main.storyboard; sourceTree = "<group>"; };
		18CFABD32B11D1440008341B /* NewsAppByAnand.xcdatamodel */ = {isa = PBXFileReference; lastKnownFileType = wrapper.xcdatamodel; path = NewsAppByAnand.xcdatamodel; sourceTree = "<group>"; };
		18CFABD52B11D1460008341B /* Assets.xcassets */ = {isa = PBXFileReference; lastKnownFileType = folder.assetcatalog; path = Assets.xcassets; sourceTree = "<group>"; };
		18CFABD82B11D1460008341B /* Base */ = {isa = PBXFileReference; lastKnownFileType = file.storyboard; name = Base; path = Base.lproj/LaunchScreen.storyboard; sourceTree = "<group>"; };
		18CFABDA2B11D1460008341B /* Info.plist */ = {isa = PBXFileReference; lastKnownFileType = text.plist.xml; path = Info.plist; sourceTree = "<group>"; };
		18CFABDF2B11D1460008341B /* NewsAppByAnandTests.xctest */ = {isa = PBXFileReference; explicitFileType = wrapper.cfbundle; includeInIndex = 0; path = NewsAppByAnandTests.xctest; sourceTree = BUILT_PRODUCTS_DIR; };
		18CFABE32B11D1460008341B /* NewsAppByAnandTests.swift */ = {isa = PBXFileReference; lastKnownFileType = sourcecode.swift; path = NewsAppByAnandTests.swift; sourceTree = "<group>"; };
		18CFABE92B11D1460008341B /* NewsAppByAnandUITests.xctest */ = {isa = PBXFileReference; explicitFileType = wrapper.cfbundle; includeInIndex = 0; path = NewsAppByAnandUITests.xctest; sourceTree = BUILT_PRODUCTS_DIR; };
		18CFABED2B11D1460008341B /* NewsAppByAnandUITests.swift */ = {isa = PBXFileReference; lastKnownFileType = sourcecode.swift; path = NewsAppByAnandUITests.swift; sourceTree = "<group>"; };
		18CFABEF2B11D1460008341B /* NewsAppByAnandUITestsLaunchTests.swift */ = {isa = PBXFileReference; lastKnownFileType = sourcecode.swift; path = NewsAppByAnandUITestsLaunchTests.swift; sourceTree = "<group>"; };
		18CFABFD2B11D1710008341B /* NewsModel.swift */ = {isa = PBXFileReference; lastKnownFileType = sourcecode.swift; path = NewsModel.swift; sourceTree = "<group>"; };
		18CFAC002B11D21B0008341B /* NewsViewModel.swift */ = {isa = PBXFileReference; lastKnownFileType = sourcecode.swift; path = NewsViewModel.swift; sourceTree = "<group>"; };
		18CFAC032B11DC870008341B /* NewsTableViewCell.swift */ = {isa = PBXFileReference; lastKnownFileType = sourcecode.swift; path = NewsTableViewCell.swift; sourceTree = "<group>"; };
		18CFAC042B11DC870008341B /* NewsTableViewCell.xib */ = {isa = PBXFileReference; lastKnownFileType = file.xib; path = NewsTableViewCell.xib; sourceTree = "<group>"; };
		18CFAC072B11F6FD0008341B /* LocaNewslDataViewModel.swift */ = {isa = PBXFileReference; lastKnownFileType = sourcecode.swift; path = LocaNewslDataViewModel.swift; sourceTree = "<group>"; };
		18CFAC0A2B11F75A0008341B /* Support Files.swift */ = {isa = PBXFileReference; lastKnownFileType = sourcecode.swift; path = "Support Files.swift"; sourceTree = "<group>"; };
		18CFAC0D2B11FDAC0008341B /* NewsDetailsViewController.swift */ = {isa = PBXFileReference; lastKnownFileType = sourcecode.swift; path = NewsDetailsViewController.swift; sourceTree = "<group>"; };
		352F4A920BB1EF95A46B944C /* Pods_NewsAppByAnand_NewsAppByAnandUITests.framework */ = {isa = PBXFileReference; explicitFileType = wrapper.framework; includeInIndex = 0; path = Pods_NewsAppByAnand_NewsAppByAnandUITests.framework; sourceTree = BUILT_PRODUCTS_DIR; };
		36FDC4CFE5DD2C2C2E786CDD /* Pods-NewsAppByAnandTests.debug.xcconfig */ = {isa = PBXFileReference; includeInIndex = 1; lastKnownFileType = text.xcconfig; name = "Pods-NewsAppByAnandTests.debug.xcconfig"; path = "Target Support Files/Pods-NewsAppByAnandTests/Pods-NewsAppByAnandTests.debug.xcconfig"; sourceTree = "<group>"; };
		56B30AE0544A211973A03164 /* Pods-NewsAppByAnand.debug.xcconfig */ = {isa = PBXFileReference; includeInIndex = 1; lastKnownFileType = text.xcconfig; name = "Pods-NewsAppByAnand.debug.xcconfig"; path = "Target Support Files/Pods-NewsAppByAnand/Pods-NewsAppByAnand.debug.xcconfig"; sourceTree = "<group>"; };
		60E3AEAF109695CF35758788 /* Pods-NewsAppByAnandTests.release.xcconfig */ = {isa = PBXFileReference; includeInIndex = 1; lastKnownFileType = text.xcconfig; name = "Pods-NewsAppByAnandTests.release.xcconfig"; path = "Target Support Files/Pods-NewsAppByAnandTests/Pods-NewsAppByAnandTests.release.xcconfig"; sourceTree = "<group>"; };
		686108C9F75FB4834EFCCE63 /* Pods-NewsAppByAnand-NewsAppByAnandUITests.debug.xcconfig */ = {isa = PBXFileReference; includeInIndex = 1; lastKnownFileType = text.xcconfig; name = "Pods-NewsAppByAnand-NewsAppByAnandUITests.debug.xcconfig"; path = "Target Support Files/Pods-NewsAppByAnand-NewsAppByAnandUITests/Pods-NewsAppByAnand-NewsAppByAnandUITests.debug.xcconfig"; sourceTree = "<group>"; };
		88DB0D751B052805F1FB75E7 /* Pods_NewsAppByAnand.framework */ = {isa = PBXFileReference; explicitFileType = wrapper.framework; includeInIndex = 0; path = Pods_NewsAppByAnand.framework; sourceTree = BUILT_PRODUCTS_DIR; };
		CDA6173253014DDC1F20ACC7 /* Pods-NewsAppByAnand-NewsAppByAnandUITests.release.xcconfig */ = {isa = PBXFileReference; includeInIndex = 1; lastKnownFileType = text.xcconfig; name = "Pods-NewsAppByAnand-NewsAppByAnandUITests.release.xcconfig"; path = "Target Support Files/Pods-NewsAppByAnand-NewsAppByAnandUITests/Pods-NewsAppByAnand-NewsAppByAnandUITests.release.xcconfig"; sourceTree = "<group>"; };
		E65F245BDB52412C599BD4E9 /* Pods_NewsAppByAnandTests.framework */ = {isa = PBXFileReference; explicitFileType = wrapper.framework; includeInIndex = 0; path = Pods_NewsAppByAnandTests.framework; sourceTree = BUILT_PRODUCTS_DIR; };
/* End PBXFileReference section */

/* Begin PBXFrameworksBuildPhase section */
		18CFABC32B11D1440008341B /* Frameworks */ = {
			isa = PBXFrameworksBuildPhase;
			buildActionMask = 2147483647;
			files = (
				4CEE95496D09F68F1A8A0D81 /* Pods_NewsAppByAnand.framework in Frameworks */,
			);
			runOnlyForDeploymentPostprocessing = 0;
		};
		18CFABDC2B11D1460008341B /* Frameworks */ = {
			isa = PBXFrameworksBuildPhase;
			buildActionMask = 2147483647;
			files = (
				5DDA4F5BAD028D1A8EA5A18A /* Pods_NewsAppByAnandTests.framework in Frameworks */,
			);
			runOnlyForDeploymentPostprocessing = 0;
		};
		18CFABE62B11D1460008341B /* Frameworks */ = {
			isa = PBXFrameworksBuildPhase;
			buildActionMask = 2147483647;
			files = (
				2643D0AB8A818CB0FF4AC7F1 /* Pods_NewsAppByAnand_NewsAppByAnandUITests.framework in Frameworks */,
			);
			runOnlyForDeploymentPostprocessing = 0;
		};
/* End PBXFrameworksBuildPhase section */

/* Begin PBXGroup section */
		18CFABBD2B11D1440008341B = {
			isa = PBXGroup;
			children = (
				18CFABC82B11D1440008341B /* NewsAppByAnand */,
				18CFABE22B11D1460008341B /* NewsAppByAnandTests */,
				18CFABEC2B11D1460008341B /* NewsAppByAnandUITests */,
				18CFABC72B11D1440008341B /* Products */,
				397029CAFEB86051A7EED4C5 /* Pods */,
				D3F8C940F702D78FD24F1370 /* Frameworks */,
			);
			sourceTree = "<group>";
		};
		18CFABC72B11D1440008341B /* Products */ = {
			isa = PBXGroup;
			children = (
				18CFABC62B11D1440008341B /* NewsAppByAnand.app */,
				18CFABDF2B11D1460008341B /* NewsAppByAnandTests.xctest */,
				18CFABE92B11D1460008341B /* NewsAppByAnandUITests.xctest */,
			);
			name = Products;
			sourceTree = "<group>";
		};
		18CFABC82B11D1440008341B /* NewsAppByAnand */ = {
			isa = PBXGroup;
			children = (
				18CFAC0C2B11FC340008341B /* Controller */,
				18CFAC092B11F7360008341B /* Extension */,
				18CFAC022B11DC670008341B /* View */,
				18CFABFF2B11D2010008341B /* ViewModel */,
				18CFABFC2B11D15A0008341B /* Model */,
				18CFABC92B11D1440008341B /* AppDelegate.swift */,
				18CFABCB2B11D1440008341B /* SceneDelegate.swift */,
				18CFABCF2B11D1440008341B /* Main.storyboard */,
				18CFABD52B11D1460008341B /* Assets.xcassets */,
				18CFABD72B11D1460008341B /* LaunchScreen.storyboard */,
				18CFABDA2B11D1460008341B /* Info.plist */,
				18CFABD22B11D1440008341B /* NewsAppByAnand.xcdatamodeld */,
			);
			path = NewsAppByAnand;
			sourceTree = "<group>";
		};
		18CFABE22B11D1460008341B /* NewsAppByAnandTests */ = {
			isa = PBXGroup;
			children = (
				18CFABE32B11D1460008341B /* NewsAppByAnandTests.swift */,
			);
			path = NewsAppByAnandTests;
			sourceTree = "<group>";
		};
		18CFABEC2B11D1460008341B /* NewsAppByAnandUITests */ = {
			isa = PBXGroup;
			children = (
				18CFABED2B11D1460008341B /* NewsAppByAnandUITests.swift */,
				18CFABEF2B11D1460008341B /* NewsAppByAnandUITestsLaunchTests.swift */,
			);
			path = NewsAppByAnandUITests;
			sourceTree = "<group>";
		};
		18CFABFC2B11D15A0008341B /* Model */ = {
			isa = PBXGroup;
			children = (
				18CFABFD2B11D1710008341B /* NewsModel.swift */,
			);
			path = Model;
			sourceTree = "<group>";
		};
		18CFABFF2B11D2010008341B /* ViewModel */ = {
			isa = PBXGroup;
			children = (
				18CFAC002B11D21B0008341B /* NewsViewModel.swift */,
				18CFAC072B11F6FD0008341B /* LocaNewslDataViewModel.swift */,
			);
			path = ViewModel;
			sourceTree = "<group>";
		};
		18CFAC022B11DC670008341B /* View */ = {
			isa = PBXGroup;
			children = (
				18CFAC032B11DC870008341B /* NewsTableViewCell.swift */,
				18CFAC042B11DC870008341B /* NewsTableViewCell.xib */,
			);
			path = View;
			sourceTree = "<group>";
		};
		18CFAC092B11F7360008341B /* Extension */ = {
			isa = PBXGroup;
			children = (
				18CFAC0A2B11F75A0008341B /* Support Files.swift */,
			);
			path = Extension;
			sourceTree = "<group>";
		};
		18CFAC0C2B11FC340008341B /* Controller */ = {
			isa = PBXGroup;
			children = (
				18CFABCD2B11D1440008341B /* ViewController.swift */,
				18CFAC0D2B11FDAC0008341B /* NewsDetailsViewController.swift */,
			);
			path = Controller;
			sourceTree = "<group>";
		};
		397029CAFEB86051A7EED4C5 /* Pods */ = {
			isa = PBXGroup;
			children = (
				56B30AE0544A211973A03164 /* Pods-NewsAppByAnand.debug.xcconfig */,
				183C855AF73603CB9B8631D1 /* Pods-NewsAppByAnand.release.xcconfig */,
				686108C9F75FB4834EFCCE63 /* Pods-NewsAppByAnand-NewsAppByAnandUITests.debug.xcconfig */,
				CDA6173253014DDC1F20ACC7 /* Pods-NewsAppByAnand-NewsAppByAnandUITests.release.xcconfig */,
				36FDC4CFE5DD2C2C2E786CDD /* Pods-NewsAppByAnandTests.debug.xcconfig */,
				60E3AEAF109695CF35758788 /* Pods-NewsAppByAnandTests.release.xcconfig */,
			);
			path = Pods;
			sourceTree = "<group>";
		};
		D3F8C940F702D78FD24F1370 /* Frameworks */ = {
			isa = PBXGroup;
			children = (
				88DB0D751B052805F1FB75E7 /* Pods_NewsAppByAnand.framework */,
				352F4A920BB1EF95A46B944C /* Pods_NewsAppByAnand_NewsAppByAnandUITests.framework */,
				E65F245BDB52412C599BD4E9 /* Pods_NewsAppByAnandTests.framework */,
			);
			name = Frameworks;
			sourceTree = "<group>";
		};
/* End PBXGroup section */

/* Begin PBXNativeTarget section */
		18CFABC52B11D1440008341B /* NewsAppByAnand */ = {
			isa = PBXNativeTarget;
			buildConfigurationList = 18CFABF32B11D1470008341B /* Build configuration list for PBXNativeTarget "NewsAppByAnand" */;
			buildPhases = (
				7A35EE48B9B2C714E946F535 /* [CP] Check Pods Manifest.lock */,
				18CFABC22B11D1440008341B /* Sources */,
				18CFABC32B11D1440008341B /* Frameworks */,
				18CFABC42B11D1440008341B /* Resources */,
				68655C5A4EB303D926D9F08B /* [CP] Embed Pods Frameworks */,
			);
			buildRules = (
			);
			dependencies = (
			);
			name = NewsAppByAnand;
			productName = NewsAppByAnand;
			productReference = 18CFABC62B11D1440008341B /* NewsAppByAnand.app */;
			productType = "com.apple.product-type.application";
		};
		18CFABDE2B11D1460008341B /* NewsAppByAnandTests */ = {
			isa = PBXNativeTarget;
			buildConfigurationList = 18CFABF62B11D1470008341B /* Build configuration list for PBXNativeTarget "NewsAppByAnandTests" */;
			buildPhases = (
				1E94BF4ED69EAF1762EFA55E /* [CP] Check Pods Manifest.lock */,
				18CFABDB2B11D1460008341B /* Sources */,
				18CFABDC2B11D1460008341B /* Frameworks */,
				18CFABDD2B11D1460008341B /* Resources */,
			);
			buildRules = (
			);
			dependencies = (
				18CFABE12B11D1460008341B /* PBXTargetDependency */,
			);
			name = NewsAppByAnandTests;
			productName = NewsAppByAnandTests;
			productReference = 18CFABDF2B11D1460008341B /* NewsAppByAnandTests.xctest */;
			productType = "com.apple.product-type.bundle.unit-test";
		};
		18CFABE82B11D1460008341B /* NewsAppByAnandUITests */ = {
			isa = PBXNativeTarget;
			buildConfigurationList = 18CFABF92B11D1470008341B /* Build configuration list for PBXNativeTarget "NewsAppByAnandUITests" */;
			buildPhases = (
				F5B521225EEFCE732550B8D6 /* [CP] Check Pods Manifest.lock */,
				18CFABE52B11D1460008341B /* Sources */,
				18CFABE62B11D1460008341B /* Frameworks */,
				18CFABE72B11D1460008341B /* Resources */,
				CBE1A47ED14B268B0673D124 /* [CP] Embed Pods Frameworks */,
			);
			buildRules = (
			);
			dependencies = (
				18CFABEB2B11D1460008341B /* PBXTargetDependency */,
			);
			name = NewsAppByAnandUITests;
			productName = NewsAppByAnandUITests;
			productReference = 18CFABE92B11D1460008341B /* NewsAppByAnandUITests.xctest */;
			productType = "com.apple.product-type.bundle.ui-testing";
		};
/* End PBXNativeTarget section */

/* Begin PBXProject section */
		18CFABBE2B11D1440008341B /* Project object */ = {
			isa = PBXProject;
			attributes = {
				BuildIndependentTargetsInParallel = 1;
				LastSwiftUpdateCheck = 1500;
				LastUpgradeCheck = 1500;
				TargetAttributes = {
					18CFABC52B11D1440008341B = {
						CreatedOnToolsVersion = 15.0;
					};
					18CFABDE2B11D1460008341B = {
						CreatedOnToolsVersion = 15.0;
						TestTargetID = 18CFABC52B11D1440008341B;
					};
					18CFABE82B11D1460008341B = {
						CreatedOnToolsVersion = 15.0;
						TestTargetID = 18CFABC52B11D1440008341B;
					};
				};
			};
			buildConfigurationList = 18CFABC12B11D1440008341B /* Build configuration list for PBXProject "NewsAppByAnand" */;
			compatibilityVersion = "Xcode 14.0";
			developmentRegion = en;
			hasScannedForEncodings = 0;
			knownRegions = (
				en,
				Base,
			);
			mainGroup = 18CFABBD2B11D1440008341B;
			productRefGroup = 18CFABC72B11D1440008341B /* Products */;
			projectDirPath = "";
			projectRoot = "";
			targets = (
				18CFABC52B11D1440008341B /* NewsAppByAnand */,
				18CFABDE2B11D1460008341B /* NewsAppByAnandTests */,
				18CFABE82B11D1460008341B /* NewsAppByAnandUITests */,
			);
		};
/* End PBXProject section */

/* Begin PBXResourcesBuildPhase section */
		18CFABC42B11D1440008341B /* Resources */ = {
			isa = PBXResourcesBuildPhase;
			buildActionMask = 2147483647;
			files = (
				18CFABD92B11D1460008341B /* LaunchScreen.storyboard in Resources */,
				18CFABD62B11D1460008341B /* Assets.xcassets in Resources */,
				18CFAC062B11DC870008341B /* NewsTableViewCell.xib in Resources */,
				18CFABD12B11D1440008341B /* Main.storyboard in Resources */,
			);
			runOnlyForDeploymentPostprocessing = 0;
		};
		18CFABDD2B11D1460008341B /* Resources */ = {
			isa = PBXResourcesBuildPhase;
			buildActionMask = 2147483647;
			files = (
			);
			runOnlyForDeploymentPostprocessing = 0;
		};
		18CFABE72B11D1460008341B /* Resources */ = {
			isa = PBXResourcesBuildPhase;
			buildActionMask = 2147483647;
			files = (
			);
			runOnlyForDeploymentPostprocessing = 0;
		};
/* End PBXResourcesBuildPhase section */

/* Begin PBXShellScriptBuildPhase section */
		1E94BF4ED69EAF1762EFA55E /* [CP] Check Pods Manifest.lock */ = {
			isa = PBXShellScriptBuildPhase;
			buildActionMask = 2147483647;
			files = (
			);
			inputFileListPaths = (
			);
			inputPaths = (
				"${PODS_PODFILE_DIR_PATH}/Podfile.lock",
				"${PODS_ROOT}/Manifest.lock",
			);
			name = "[CP] Check Pods Manifest.lock";
			outputFileListPaths = (
			);
			outputPaths = (
				"$(DERIVED_FILE_DIR)/Pods-NewsAppByAnandTests-checkManifestLockResult.txt",
			);
			runOnlyForDeploymentPostprocessing = 0;
			shellPath = /bin/sh;
			shellScript = "diff \"${PODS_PODFILE_DIR_PATH}/Podfile.lock\" \"${PODS_ROOT}/Manifest.lock\" > /dev/null\nif [ $? != 0 ] ; then\n    # print error to STDERR\n    echo \"error: The sandbox is not in sync with the Podfile.lock. Run 'pod install' or update your CocoaPods installation.\" >&2\n    exit 1\nfi\n# This output is used by Xcode 'outputs' to avoid re-running this script phase.\necho \"SUCCESS\" > \"${SCRIPT_OUTPUT_FILE_0}\"\n";
			showEnvVarsInLog = 0;
		};
		68655C5A4EB303D926D9F08B /* [CP] Embed Pods Frameworks */ = {
			isa = PBXShellScriptBuildPhase;
			buildActionMask = 2147483647;
			files = (
			);
			inputFileListPaths = (
				"${PODS_ROOT}/Target Support Files/Pods-NewsAppByAnand/Pods-NewsAppByAnand-frameworks-${CONFIGURATION}-input-files.xcfilelist",
			);
			name = "[CP] Embed Pods Frameworks";
			outputFileListPaths = (
				"${PODS_ROOT}/Target Support Files/Pods-NewsAppByAnand/Pods-NewsAppByAnand-frameworks-${CONFIGURATION}-output-files.xcfilelist",
			);
			runOnlyForDeploymentPostprocessing = 0;
			shellPath = /bin/sh;
			shellScript = "\"${PODS_ROOT}/Target Support Files/Pods-NewsAppByAnand/Pods-NewsAppByAnand-frameworks.sh\"\n";
			showEnvVarsInLog = 0;
		};
		7A35EE48B9B2C714E946F535 /* [CP] Check Pods Manifest.lock */ = {
			isa = PBXShellScriptBuildPhase;
			buildActionMask = 2147483647;
			files = (
			);
			inputFileListPaths = (
			);
			inputPaths = (
				"${PODS_PODFILE_DIR_PATH}/Podfile.lock",
				"${PODS_ROOT}/Manifest.lock",
			);
			name = "[CP] Check Pods Manifest.lock";
			outputFileListPaths = (
			);
			outputPaths = (
				"$(DERIVED_FILE_DIR)/Pods-NewsAppByAnand-checkManifestLockResult.txt",
			);
			runOnlyForDeploymentPostprocessing = 0;
			shellPath = /bin/sh;
			shellScript = "diff \"${PODS_PODFILE_DIR_PATH}/Podfile.lock\" \"${PODS_ROOT}/Manifest.lock\" > /dev/null\nif [ $? != 0 ] ; then\n    # print error to STDERR\n    echo \"error: The sandbox is not in sync with the Podfile.lock. Run 'pod install' or update your CocoaPods installation.\" >&2\n    exit 1\nfi\n# This output is used by Xcode 'outputs' to avoid re-running this script phase.\necho \"SUCCESS\" > \"${SCRIPT_OUTPUT_FILE_0}\"\n";
			showEnvVarsInLog = 0;
		};
		CBE1A47ED14B268B0673D124 /* [CP] Embed Pods Frameworks */ = {
			isa = PBXShellScriptBuildPhase;
			buildActionMask = 2147483647;
			files = (
			);
			inputFileListPaths = (
				"${PODS_ROOT}/Target Support Files/Pods-NewsAppByAnand-NewsAppByAnandUITests/Pods-NewsAppByAnand-NewsAppByAnandUITests-frameworks-${CONFIGURATION}-input-files.xcfilelist",
			);
			name = "[CP] Embed Pods Frameworks";
			outputFileListPaths = (
				"${PODS_ROOT}/Target Support Files/Pods-NewsAppByAnand-NewsAppByAnandUITests/Pods-NewsAppByAnand-NewsAppByAnandUITests-frameworks-${CONFIGURATION}-output-files.xcfilelist",
			);
			runOnlyForDeploymentPostprocessing = 0;
			shellPath = /bin/sh;
			shellScript = "\"${PODS_ROOT}/Target Support Files/Pods-NewsAppByAnand-NewsAppByAnandUITests/Pods-NewsAppByAnand-NewsAppByAnandUITests-frameworks.sh\"\n";
			showEnvVarsInLog = 0;
		};
		F5B521225EEFCE732550B8D6 /* [CP] Check Pods Manifest.lock */ = {
			isa = PBXShellScriptBuildPhase;
			buildActionMask = 2147483647;
			files = (
			);
			inputFileListPaths = (
			);
			inputPaths = (
				"${PODS_PODFILE_DIR_PATH}/Podfile.lock",
				"${PODS_ROOT}/Manifest.lock",
			);
			name = "[CP] Check Pods Manifest.lock";
			outputFileListPaths = (
			);
			outputPaths = (
				"$(DERIVED_FILE_DIR)/Pods-NewsAppByAnand-NewsAppByAnandUITests-checkManifestLockResult.txt",
			);
			runOnlyForDeploymentPostprocessing = 0;
			shellPath = /bin/sh;
			shellScript = "diff \"${PODS_PODFILE_DIR_PATH}/Podfile.lock\" \"${PODS_ROOT}/Manifest.lock\" > /dev/null\nif [ $? != 0 ] ; then\n    # print error to STDERR\n    echo \"error: The sandbox is not in sync with the Podfile.lock. Run 'pod install' or update your CocoaPods installation.\" >&2\n    exit 1\nfi\n# This output is used by Xcode 'outputs' to avoid re-running this script phase.\necho \"SUCCESS\" > \"${SCRIPT_OUTPUT_FILE_0}\"\n";
			showEnvVarsInLog = 0;
		};
/* End PBXShellScriptBuildPhase section */

/* Begin PBXSourcesBuildPhase section */
		18CFABC22B11D1440008341B /* Sources */ = {
			isa = PBXSourcesBuildPhase;
			buildActionMask = 2147483647;
			files = (
				18CFAC0E2B11FDAC0008341B /* NewsDetailsViewController.swift in Sources */,
				18CFABCE2B11D1440008341B /* ViewController.swift in Sources */,
				18CFAC052B11DC870008341B /* NewsTableViewCell.swift in Sources */,
				18CFAC012B11D21B0008341B /* NewsViewModel.swift in Sources */,
				18CFABCA2B11D1440008341B /* AppDelegate.swift in Sources */,
				18CFABD42B11D1440008341B /* NewsAppByAnand.xcdatamodeld in Sources */,
				18CFAC082B11F6FD0008341B /* LocaNewslDataViewModel.swift in Sources */,
				18CFAC0B2B11F75A0008341B /* Support Files.swift in Sources */,
				18CFABCC2B11D1440008341B /* SceneDelegate.swift in Sources */,
				18CFABFE2B11D1710008341B /* NewsModel.swift in Sources */,
			);
			runOnlyForDeploymentPostprocessing = 0;
		};
		18CFABDB2B11D1460008341B /* Sources */ = {
			isa = PBXSourcesBuildPhase;
			buildActionMask = 2147483647;
			files = (
				18CFABE42B11D1460008341B /* NewsAppByAnandTests.swift in Sources */,
			);
			runOnlyForDeploymentPostprocessing = 0;
		};
		18CFABE52B11D1460008341B /* Sources */ = {
			isa = PBXSourcesBuildPhase;
			buildActionMask = 2147483647;
			files = (
				18CFABEE2B11D1460008341B /* NewsAppByAnandUITests.swift in Sources */,
				18CFABF02B11D1460008341B /* NewsAppByAnandUITestsLaunchTests.swift in Sources */,
			);
			runOnlyForDeploymentPostprocessing = 0;
		};
/* End PBXSourcesBuildPhase section */

/* Begin PBXTargetDependency section */
		18CFABE12B11D1460008341B /* PBXTargetDependency */ = {
			isa = PBXTargetDependency;
			target = 18CFABC52B11D1440008341B /* NewsAppByAnand */;
			targetProxy = 18CFABE02B11D1460008341B /* PBXContainerItemProxy */;
		};
		18CFABEB2B11D1460008341B /* PBXTargetDependency */ = {
			isa = PBXTargetDependency;
			target = 18CFABC52B11D1440008341B /* NewsAppByAnand */;
			targetProxy = 18CFABEA2B11D1460008341B /* PBXContainerItemProxy */;
		};
/* End PBXTargetDependency section */

/* Begin PBXVariantGroup section */
		18CFABCF2B11D1440008341B /* Main.storyboard */ = {
			isa = PBXVariantGroup;
			children = (
				18CFABD02B11D1440008341B /* Base */,
			);
			name = Main.storyboard;
			sourceTree = "<group>";
		};
		18CFABD72B11D1460008341B /* LaunchScreen.storyboard */ = {
			isa = PBXVariantGroup;
			children = (
				18CFABD82B11D1460008341B /* Base */,
			);
			name = LaunchScreen.storyboard;
			sourceTree = "<group>";
		};
/* End PBXVariantGroup section */

/* Begin XCBuildConfiguration section */
		18CFABF12B11D1470008341B /* Debug */ = {
			isa = XCBuildConfiguration;
			buildSettings = {
				ALWAYS_SEARCH_USER_PATHS = NO;
				ASSETCATALOG_COMPILER_GENERATE_SWIFT_ASSET_SYMBOL_EXTENSIONS = YES;
				CLANG_ANALYZER_NONNULL = YES;
				CLANG_ANALYZER_NUMBER_OBJECT_CONVERSION = YES_AGGRESSIVE;
				CLANG_CXX_LANGUAGE_STANDARD = "gnu++20";
				CLANG_ENABLE_MODULES = YES;
				CLANG_ENABLE_OBJC_ARC = YES;
				CLANG_ENABLE_OBJC_WEAK = YES;
				CLANG_WARN_BLOCK_CAPTURE_AUTORELEASING = YES;
				CLANG_WARN_BOOL_CONVERSION = YES;
				CLANG_WARN_COMMA = YES;
				CLANG_WARN_CONSTANT_CONVERSION = YES;
				CLANG_WARN_DEPRECATED_OBJC_IMPLEMENTATIONS = YES;
				CLANG_WARN_DIRECT_OBJC_ISA_USAGE = YES_ERROR;
				CLANG_WARN_DOCUMENTATION_COMMENTS = YES;
				CLANG_WARN_EMPTY_BODY = YES;
				CLANG_WARN_ENUM_CONVERSION = YES;
				CLANG_WARN_INFINITE_RECURSION = YES;
				CLANG_WARN_INT_CONVERSION = YES;
				CLANG_WARN_NON_LITERAL_NULL_CONVERSION = YES;
				CLANG_WARN_OBJC_IMPLICIT_RETAIN_SELF = YES;
				CLANG_WARN_OBJC_LITERAL_CONVERSION = YES;
				CLANG_WARN_OBJC_ROOT_CLASS = YES_ERROR;
				CLANG_WARN_QUOTED_INCLUDE_IN_FRAMEWORK_HEADER = YES;
				CLANG_WARN_RANGE_LOOP_ANALYSIS = YES;
				CLANG_WARN_STRICT_PROTOTYPES = YES;
				CLANG_WARN_SUSPICIOUS_MOVE = YES;
				CLANG_WARN_UNGUARDED_AVAILABILITY = YES_AGGRESSIVE;
				CLANG_WARN_UNREACHABLE_CODE = YES;
				CLANG_WARN__DUPLICATE_METHOD_MATCH = YES;
				COPY_PHASE_STRIP = NO;
				DEBUG_INFORMATION_FORMAT = dwarf;
				ENABLE_STRICT_OBJC_MSGSEND = YES;
				ENABLE_TESTABILITY = YES;
				ENABLE_USER_SCRIPT_SANDBOXING = NO;
				ENABLE_USER_SELECTED_FILES = NO;
				GCC_C_LANGUAGE_STANDARD = gnu17;
				GCC_DYNAMIC_NO_PIC = NO;
				GCC_NO_COMMON_BLOCKS = YES;
				GCC_OPTIMIZATION_LEVEL = 0;
				GCC_PREPROCESSOR_DEFINITIONS = (
					"DEBUG=1",
					"$(inherited)",
				);
				GCC_WARN_64_TO_32_BIT_CONVERSION = YES;
				GCC_WARN_ABOUT_RETURN_TYPE = YES_ERROR;
				GCC_WARN_UNDECLARED_SELECTOR = YES;
				GCC_WARN_UNINITIALIZED_AUTOS = YES_AGGRESSIVE;
				GCC_WARN_UNUSED_FUNCTION = YES;
				GCC_WARN_UNUSED_VARIABLE = YES;
				IPHONEOS_DEPLOYMENT_TARGET = 17.0;
				LOCALIZATION_PREFERS_STRING_CATALOGS = YES;
				MTL_ENABLE_DEBUG_INFO = INCLUDE_SOURCE;
				MTL_FAST_MATH = YES;
				ONLY_ACTIVE_ARCH = YES;
				SDKROOT = iphoneos;
				SWIFT_ACTIVE_COMPILATION_CONDITIONS = "DEBUG $(inherited)";
				SWIFT_OPTIMIZATION_LEVEL = "-Onone";
			};
			name = Debug;
		};
		18CFABF22B11D1470008341B /* Release */ = {
			isa = XCBuildConfiguration;
			buildSettings = {
				ALWAYS_SEARCH_USER_PATHS = NO;
				ASSETCATALOG_COMPILER_GENERATE_SWIFT_ASSET_SYMBOL_EXTENSIONS = YES;
				CLANG_ANALYZER_NONNULL = YES;
				CLANG_ANALYZER_NUMBER_OBJECT_CONVERSION = YES_AGGRESSIVE;
				CLANG_CXX_LANGUAGE_STANDARD = "gnu++20";
				CLANG_ENABLE_MODULES = YES;
				CLANG_ENABLE_OBJC_ARC = YES;
				CLANG_ENABLE_OBJC_WEAK = YES;
				CLANG_WARN_BLOCK_CAPTURE_AUTORELEASING = YES;
				CLANG_WARN_BOOL_CONVERSION = YES;
				CLANG_WARN_COMMA = YES;
				CLANG_WARN_CONSTANT_CONVERSION = YES;
				CLANG_WARN_DEPRECATED_OBJC_IMPLEMENTATIONS = YES;
				CLANG_WARN_DIRECT_OBJC_ISA_USAGE = YES_ERROR;
				CLANG_WARN_DOCUMENTATION_COMMENTS = YES;
				CLANG_WARN_EMPTY_BODY = YES;
				CLANG_WARN_ENUM_CONVERSION = YES;
				CLANG_WARN_INFINITE_RECURSION = YES;
				CLANG_WARN_INT_CONVERSION = YES;
				CLANG_WARN_NON_LITERAL_NULL_CONVERSION = YES;
				CLANG_WARN_OBJC_IMPLICIT_RETAIN_SELF = YES;
				CLANG_WARN_OBJC_LITERAL_CONVERSION = YES;
				CLANG_WARN_OBJC_ROOT_CLASS = YES_ERROR;
				CLANG_WARN_QUOTED_INCLUDE_IN_FRAMEWORK_HEADER = YES;
				CLANG_WARN_RANGE_LOOP_ANALYSIS = YES;
				CLANG_WARN_STRICT_PROTOTYPES = YES;
				CLANG_WARN_SUSPICIOUS_MOVE = YES;
				CLANG_WARN_UNGUARDED_AVAILABILITY = YES_AGGRESSIVE;
				CLANG_WARN_UNREACHABLE_CODE = YES;
				CLANG_WARN__DUPLICATE_METHOD_MATCH = YES;
				COPY_PHASE_STRIP = NO;
				DEBUG_INFORMATION_FORMAT = "dwarf-with-dsym";
				ENABLE_NS_ASSERTIONS = NO;
				ENABLE_STRICT_OBJC_MSGSEND = YES;
				ENABLE_USER_SCRIPT_SANDBOXING = NO;
				ENABLE_USER_SELECTED_FILES = NO;
				GCC_C_LANGUAGE_STANDARD = gnu17;
				GCC_NO_COMMON_BLOCKS = YES;
				GCC_WARN_64_TO_32_BIT_CONVERSION = YES;
				GCC_WARN_ABOUT_RETURN_TYPE = YES_ERROR;
				GCC_WARN_UNDECLARED_SELECTOR = YES;
				GCC_WARN_UNINITIALIZED_AUTOS = YES_AGGRESSIVE;
				GCC_WARN_UNUSED_FUNCTION = YES;
				GCC_WARN_UNUSED_VARIABLE = YES;
				IPHONEOS_DEPLOYMENT_TARGET = 17.0;
				LOCALIZATION_PREFERS_STRING_CATALOGS = YES;
				MTL_ENABLE_DEBUG_INFO = NO;
				MTL_FAST_MATH = YES;
				SDKROOT = iphoneos;
				SWIFT_COMPILATION_MODE = wholemodule;
				VALIDATE_PRODUCT = YES;
			};
			name = Release;
		};
		18CFABF42B11D1470008341B /* Debug */ = {
			isa = XCBuildConfiguration;
			baseConfigurationReference = 56B30AE0544A211973A03164 /* Pods-NewsAppByAnand.debug.xcconfig */;
			buildSettings = {
				ASSETCATALOG_COMPILER_APPICON_NAME = AppIcon;
				ASSETCATALOG_COMPILER_GLOBAL_ACCENT_COLOR_NAME = AccentColor;
				CODE_SIGN_STYLE = Automatic;
				CURRENT_PROJECT_VERSION = 1;
				ENABLE_USER_SELECTED_FILES = "";
				GENERATE_INFOPLIST_FILE = YES;
				INFOPLIST_FILE = NewsAppByAnand/Info.plist;
				INFOPLIST_KEY_UIApplicationSupportsIndirectInputEvents = YES;
				INFOPLIST_KEY_UILaunchStoryboardName = LaunchScreen;
				INFOPLIST_KEY_UIMainStoryboardFile = Main;
				INFOPLIST_KEY_UISupportedInterfaceOrientations = UIInterfaceOrientationPortrait;
				INFOPLIST_KEY_UISupportedInterfaceOrientations_iPad = "UIInterfaceOrientationLandscapeLeft UIInterfaceOrientationLandscapeRight UIInterfaceOrientationPortrait UIInterfaceOrientationPortraitUpsideDown";
				LD_RUNPATH_SEARCH_PATHS = (
					"$(inherited)",
					"@executable_path/Frameworks",
				);
				MARKETING_VERSION = 1.0;
				PRODUCT_BUNDLE_IDENTIFIER = addy.NewsAppByAnand;
				PRODUCT_NAME = "$(TARGET_NAME)";
				SWIFT_EMIT_LOC_STRINGS = YES;
				SWIFT_VERSION = 5.0;
				TARGETED_DEVICE_FAMILY = "1,2";
			};
			name = Debug;
		};
		18CFABF52B11D1470008341B /* Release */ = {
			isa = XCBuildConfiguration;
			baseConfigurationReference = 183C855AF73603CB9B8631D1 /* Pods-NewsAppByAnand.release.xcconfig */;
			buildSettings = {
				ASSETCATALOG_COMPILER_APPICON_NAME = AppIcon;
				ASSETCATALOG_COMPILER_GLOBAL_ACCENT_COLOR_NAME = AccentColor;
				CODE_SIGN_STYLE = Automatic;
				CURRENT_PROJECT_VERSION = 1;
				ENABLE_USER_SELECTED_FILES = "";
				GENERATE_INFOPLIST_FILE = YES;
				INFOPLIST_FILE = NewsAppByAnand/Info.plist;
				INFOPLIST_KEY_UIApplicationSupportsIndirectInputEvents = YES;
				INFOPLIST_KEY_UILaunchStoryboardName = LaunchScreen;
				INFOPLIST_KEY_UIMainStoryboardFile = Main;
				INFOPLIST_KEY_UISupportedInterfaceOrientations = UIInterfaceOrientationPortrait;
				INFOPLIST_KEY_UISupportedInterfaceOrientations_iPad = "UIInterfaceOrientationLandscapeLeft UIInterfaceOrientationLandscapeRight UIInterfaceOrientationPortrait UIInterfaceOrientationPortraitUpsideDown";
				LD_RUNPATH_SEARCH_PATHS = (
					"$(inherited)",
					"@executable_path/Frameworks",
				);
				MARKETING_VERSION = 1.0;
				PRODUCT_BUNDLE_IDENTIFIER = addy.NewsAppByAnand;
				PRODUCT_NAME = "$(TARGET_NAME)";
				SWIFT_EMIT_LOC_STRINGS = YES;
				SWIFT_VERSION = 5.0;
				TARGETED_DEVICE_FAMILY = "1,2";
			};
			name = Release;
		};
		18CFABF72B11D1470008341B /* Debug */ = {
			isa = XCBuildConfiguration;
			baseConfigurationReference = 36FDC4CFE5DD2C2C2E786CDD /* Pods-NewsAppByAnandTests.debug.xcconfig */;
			buildSettings = {
				ALWAYS_EMBED_SWIFT_STANDARD_LIBRARIES = YES;
				BUNDLE_LOADER = "$(TEST_HOST)";
				CODE_SIGN_STYLE = Automatic;
				CURRENT_PROJECT_VERSION = 1;
				GENERATE_INFOPLIST_FILE = YES;
				IPHONEOS_DEPLOYMENT_TARGET = 17.0;
				MARKETING_VERSION = 1.0;
				PRODUCT_BUNDLE_IDENTIFIER = addy.NewsAppByAnandTests;
				PRODUCT_NAME = "$(TARGET_NAME)";
				SWIFT_EMIT_LOC_STRINGS = NO;
				SWIFT_VERSION = 5.0;
				TARGETED_DEVICE_FAMILY = "1,2";
				TEST_HOST = "$(BUILT_PRODUCTS_DIR)/NewsAppByAnand.app/$(BUNDLE_EXECUTABLE_FOLDER_PATH)/NewsAppByAnand";
			};
			name = Debug;
		};
		18CFABF82B11D1470008341B /* Release */ = {
			isa = XCBuildConfiguration;
			baseConfigurationReference = 60E3AEAF109695CF35758788 /* Pods-NewsAppByAnandTests.release.xcconfig */;
			buildSettings = {
				ALWAYS_EMBED_SWIFT_STANDARD_LIBRARIES = YES;
				BUNDLE_LOADER = "$(TEST_HOST)";
				CODE_SIGN_STYLE = Automatic;
				CURRENT_PROJECT_VERSION = 1;
				GENERATE_INFOPLIST_FILE = YES;
				IPHONEOS_DEPLOYMENT_TARGET = 17.0;
				MARKETING_VERSION = 1.0;
				PRODUCT_BUNDLE_IDENTIFIER = addy.NewsAppByAnandTests;
				PRODUCT_NAME = "$(TARGET_NAME)";
				SWIFT_EMIT_LOC_STRINGS = NO;
				SWIFT_VERSION = 5.0;
				TARGETED_DEVICE_FAMILY = "1,2";
				TEST_HOST = "$(BUILT_PRODUCTS_DIR)/NewsAppByAnand.app/$(BUNDLE_EXECUTABLE_FOLDER_PATH)/NewsAppByAnand";
			};
			name = Release;
		};
		18CFABFA2B11D1470008341B /* Debug */ = {
			isa = XCBuildConfiguration;
			baseConfigurationReference = 686108C9F75FB4834EFCCE63 /* Pods-NewsAppByAnand-NewsAppByAnandUITests.debug.xcconfig */;
			buildSettings = {
				ALWAYS_EMBED_SWIFT_STANDARD_LIBRARIES = YES;
				CODE_SIGN_STYLE = Automatic;
				CURRENT_PROJECT_VERSION = 1;
				GENERATE_INFOPLIST_FILE = YES;
				MARKETING_VERSION = 1.0;
				PRODUCT_BUNDLE_IDENTIFIER = addy.NewsAppByAnandUITests;
				PRODUCT_NAME = "$(TARGET_NAME)";
				SWIFT_EMIT_LOC_STRINGS = NO;
				SWIFT_VERSION = 5.0;
				TARGETED_DEVICE_FAMILY = "1,2";
				TEST_TARGET_NAME = NewsAppByAnand;
			};
			name = Debug;
		};
		18CFABFB2B11D1470008341B /* Release */ = {
			isa = XCBuildConfiguration;
			baseConfigurationReference = CDA6173253014DDC1F20ACC7 /* Pods-NewsAppByAnand-NewsAppByAnandUITests.release.xcconfig */;
			buildSettings = {
				ALWAYS_EMBED_SWIFT_STANDARD_LIBRARIES = YES;
				CODE_SIGN_STYLE = Automatic;
				CURRENT_PROJECT_VERSION = 1;
				GENERATE_INFOPLIST_FILE = YES;
				MARKETING_VERSION = 1.0;
				PRODUCT_BUNDLE_IDENTIFIER = addy.NewsAppByAnandUITests;
				PRODUCT_NAME = "$(TARGET_NAME)";
				SWIFT_EMIT_LOC_STRINGS = NO;
				SWIFT_VERSION = 5.0;
				TARGETED_DEVICE_FAMILY = "1,2";
				TEST_TARGET_NAME = NewsAppByAnand;
			};
			name = Release;
		};
/* End XCBuildConfiguration section */

/* Begin XCConfigurationList section */
		18CFABC12B11D1440008341B /* Build configuration list for PBXProject "NewsAppByAnand" */ = {
			isa = XCConfigurationList;
			buildConfigurations = (
				18CFABF12B11D1470008341B /* Debug */,
				18CFABF22B11D1470008341B /* Release */,
			);
			defaultConfigurationIsVisible = 0;
			defaultConfigurationName = Release;
		};
		18CFABF32B11D1470008341B /* Build configuration list for PBXNativeTarget "NewsAppByAnand" */ = {
			isa = XCConfigurationList;
			buildConfigurations = (
				18CFABF42B11D1470008341B /* Debug */,
				18CFABF52B11D1470008341B /* Release */,
			);
			defaultConfigurationIsVisible = 0;
			defaultConfigurationName = Release;
		};
		18CFABF62B11D1470008341B /* Build configuration list for PBXNativeTarget "NewsAppByAnandTests" */ = {
			isa = XCConfigurationList;
			buildConfigurations = (
				18CFABF72B11D1470008341B /* Debug */,
				18CFABF82B11D1470008341B /* Release */,
			);
			defaultConfigurationIsVisible = 0;
			defaultConfigurationName = Release;
		};
		18CFABF92B11D1470008341B /* Build configuration list for PBXNativeTarget "NewsAppByAnandUITests" */ = {
			isa = XCConfigurationList;
			buildConfigurations = (
				18CFABFA2B11D1470008341B /* Debug */,
				18CFABFB2B11D1470008341B /* Release */,
			);
			defaultConfigurationIsVisible = 0;
			defaultConfigurationName = Release;
		};
/* End XCConfigurationList section */

/* Begin XCVersionGroup section */
		18CFABD22B11D1440008341B /* NewsAppByAnand.xcdatamodeld */ = {
			isa = XCVersionGroup;
			children = (
				18CFABD32B11D1440008341B /* NewsAppByAnand.xcdatamodel */,
			);
			currentVersion = 18CFABD32B11D1440008341B /* NewsAppByAnand.xcdatamodel */;
			path = NewsAppByAnand.xcdatamodeld;
			sourceTree = "<group>";
			versionGroupType = wrapper.xcdatamodel;
		};
/* End XCVersionGroup section */
	};
	rootObject = 18CFABBE2B11D1440008341B /* Project object */;
}
